# This file is autogenerated, do not edit; changes may be undone by the next 'dep ensure'.


[[projects]]
  name = "gopkg.in/h2non/gentleman.v2"
  packages = ["context","plugin","utils"]
  revision = "306092e612855f1ce485d8bd35361a0d10fac40f"
  version = "v2.0.0"

[solve-meta]
  analyzer-name = "dep"
  analyzer-version = 1
  inputs-digest = "a77ab0329d4cd016c55bb88f0bfab1b3bd98f972c5888304c5ad8397554a30f1"
  solver-name = "gps-cdcl"
  solver-version = 1
